
Microsoft Visual Studio Solution File, Format Version 12.00
# Visual Studio 15
VisualStudioVersion = 15.0.28307.329
MinimumVisualStudioVersion = 10.0.40219.1
Project("{FAE04EC0-301F-11D3-BF4B-00C04F79EFBC}") = "PRG2_20192_P1_3_31", "PRG2_20192_P1_3_31\PRG2_20192_P1_3_31.csproj", "{A2AE1D0F-5C43-4B18-AFEE-A7CDB4047488}"
EndProject
Global
	GlobalSection(SolutionConfigurationPlatforms) = preSolution
		Debug|Any CPU = Debug|Any CPU
		Release|Any CPU = Release|Any CPU
	EndGlobalSection
	GlobalSection(ProjectConfigurationPlatforms) = postSolution
		{A2AE1D0F-5C43-4B18-AFEE-A7CDB4047488}.Debug|Any CPU.ActiveCfg = Debug|Any CPU
		{A2AE1D0F-5C43-4B18-AFEE-A7CDB4047488}.Debug|Any CPU.Build.0 = Debug|Any CPU
		{A2AE1D0F-5C43-4B18-AFEE-A7CDB4047488}.Release|Any CPU.ActiveCfg = Release|Any CPU
		{A2AE1D0F-5C43-4B18-AFEE-A7CDB4047488}.Release|Any CPU.Build.0 = Release|Any CPU
	EndGlobalSection
	GlobalSection(SolutionProperties) = preSolution
		HideSolutionNode = FALSE
	EndGlobalSection
	GlobalSection(ExtensibilityGlobals) = postSolution
		SolutionGuid = {BDB9B730-922C-4470-A7C6-FF01773DF5E7}
	EndGlobalSection
EndGlobal
